{
    "_readme": [
        "This file locks the dependencies of your project to a known state",
        "Read more about it at https://getcomposer.org/doc/01-basic-usage.md#installing-dependencies",
        "This file is @generated automatically"
    ],
    "content-hash": "fc614fc2811a194e916718d59b180dd5",
    "packages": [
        {
            "name": "aristath/github-theme-updater",
            "version": "v0.1",
            "source": {
                "type": "git",
                "url": "https://github.com/aristath/github-theme-updater.git",
                "reference": "3f9bbfccfe0a7e491366da36a911e903ce81d686"
            },
            "dist": {
                "type": "zip",
                "url": "https://api.github.com/repos/aristath/github-theme-updater/zipball/3f9bbfccfe0a7e491366da36a911e903ce81d686",
                "reference": "3f9bbfccfe0a7e491366da36a911e903ce81d686",
                "shasum": ""
            },
            "require": {
                "php": ">=5.6"
            },
            "type": "library",
            "notification-url": "https://packagist.org/downloads/",
            "license": [
                "MIT"
            ],
            "authors": [
                {
                    "name": "aristath",
                    "email": "aristath@gmail.com",
                    "homepage": "https://aristath.github.io",
                    "role": "Developer"
                }
            ],
            "description": "Custom updater class for WordPress themes hosted on Github",
            "homepage": "https://aristath.github.io/github-theme-updater",
            "keywords": [
                "Theme Updater",
                "github",
                "wordpress"
            ],
            "support": {
                "issues": "https://github.com/aristath/github-theme-updater/issues",
                "source": "https://github.com/aristath/github-theme-updater/tree/master"
            },
            "time": "2019-05-11T10:59:54+00:00"
        }
    ],
    "packages-dev": [],
    "aliases": [],
    "minimum-stability": "stable",
    "stability-flags": [],
    "prefer-stable": false,
    "prefer-lowest": false,
    "platform": [],
    "platform-dev": [],
    "plugin-api-version": "2.3.0"
}
